
Microsoft Visual Studio Solution File, Format Version 12.00
# Visual Studio Version 16
VisualStudioVersion = 16.0.810.2
MinimumVisualStudioVersion = 10.0.40219.1
Project("{FAE04EC0-301F-11D3-BF4B-00C04F79EFBC}") = "Moneybox.App", "Moneybox.App.csproj", "{AE69724D-DA60-42C9-9A08-D6F154B1AC54}"
EndProject
Global
	GlobalSection(SolutionConfigurationPlatforms) = preSolution
		Debug|Any CPU = Debug|Any CPU
		Release|Any CPU = Release|Any CPU
	EndGlobalSection
	GlobalSection(ProjectConfigurationPlatforms) = postSolution
		{AE69724D-DA60-42C9-9A08-D6F154B1AC54}.Debug|Any CPU.ActiveCfg = Debug|Any CPU
		{AE69724D-DA60-42C9-9A08-D6F154B1AC54}.Debug|Any CPU.Build.0 = Debug|Any CPU
		{AE69724D-DA60-42C9-9A08-D6F154B1AC54}.Release|Any CPU.ActiveCfg = Release|Any CPU
		{AE69724D-DA60-42C9-9A08-D6F154B1AC54}.Release|Any CPU.Build.0 = Release|Any CPU
	EndGlobalSection
	GlobalSection(SolutionProperties) = preSolution
		HideSolutionNode = FALSE
	EndGlobalSection
	GlobalSection(ExtensibilityGlobals) = postSolution
		SolutionGuid = {C7DABED3-294B-4CCE-9BB8-68C49404EF25}
	EndGlobalSection
EndGlobal
