
Microsoft Visual Studio Solution File, Format Version 12.00
# Visual Studio Version 16
VisualStudioVersion = 16.0.810.0
MinimumVisualStudioVersion = 10.0.40219.1
Project("{FAE04EC0-301F-11D3-BF4B-00C04F79EFBC}") = "FizzBuzz", "FizzBuzz\FizzBuzz.csproj", "{39804F16-3271-4BC7-86EE-F916076932A4}"
EndProject
Global
	GlobalSection(SolutionConfigurationPlatforms) = preSolution
		Debug|Any CPU = Debug|Any CPU
		Release|Any CPU = Release|Any CPU
	EndGlobalSection
	GlobalSection(ProjectConfigurationPlatforms) = postSolution
		{39804F16-3271-4BC7-86EE-F916076932A4}.Debug|Any CPU.ActiveCfg = Debug|Any CPU
		{39804F16-3271-4BC7-86EE-F916076932A4}.Debug|Any CPU.Build.0 = Debug|Any CPU
		{39804F16-3271-4BC7-86EE-F916076932A4}.Release|Any CPU.ActiveCfg = Release|Any CPU
		{39804F16-3271-4BC7-86EE-F916076932A4}.Release|Any CPU.Build.0 = Release|Any CPU
	EndGlobalSection
	GlobalSection(SolutionProperties) = preSolution
		HideSolutionNode = FALSE
	EndGlobalSection
	GlobalSection(ExtensibilityGlobals) = postSolution
		SolutionGuid = {7D72A10D-65F0-4AFF-B37E-A45BB7896D86}
	EndGlobalSection
EndGlobal
